
Microsoft Visual Studio Solution File, Format Version 12.00
# Visual Studio Version 17
VisualStudioVersion = 17.7.34031.279
MinimumVisualStudioVersion = 10.0.40219.1
Project("{FAE04EC0-301F-11D3-BF4B-00C04F79EFBC}") = "Problema04_Sem13", "Problema04_Sem13.csproj", "{F529EDA6-F1FC-46E9-8843-BCAE318AC32F}"
EndProject
Global
	GlobalSection(SolutionConfigurationPlatforms) = preSolution
		Debug|Any CPU = Debug|Any CPU
		Release|Any CPU = Release|Any CPU
	EndGlobalSection
	GlobalSection(ProjectConfigurationPlatforms) = postSolution
		{F529EDA6-F1FC-46E9-8843-BCAE318AC32F}.Debug|Any CPU.ActiveCfg = Debug|Any CPU
		{F529EDA6-F1FC-46E9-8843-BCAE318AC32F}.Debug|Any CPU.Build.0 = Debug|Any CPU
		{F529EDA6-F1FC-46E9-8843-BCAE318AC32F}.Release|Any CPU.ActiveCfg = Release|Any CPU
		{F529EDA6-F1FC-46E9-8843-BCAE318AC32F}.Release|Any CPU.Build.0 = Release|Any CPU
	EndGlobalSection
	GlobalSection(SolutionProperties) = preSolution
		HideSolutionNode = FALSE
	EndGlobalSection
	GlobalSection(ExtensibilityGlobals) = postSolution
		SolutionGuid = {7CC28E65-04E0-4B68-BEFA-C0263F0C40E1}
	EndGlobalSection
EndGlobal
